Microsoft Visual Studio Solution File, Format Version 12.00
# Visual Studio Version 17
VisualStudioVersion = 17.13.35825.156
MinimumVisualStudioVersion = 10.0.40219.1
Project("{FAE04EC0-301F-11D3-BF4B-00C04F79EFBC}") = "WebAPI", "WebAPI\WebAPI.csproj", "{C17B5E4A-6FB8-43DF-A621-C309BF1B7542}"
EndProject
Global
	GlobalSection(SolutionConfigurationPlatforms) = preSolution
		Debug|Any CPU = Debug|Any CPU
		Release|Any CPU = Release|Any CPU
	EndGlobalSection
	GlobalSection(ProjectConfigurationPlatforms) = postSolution
		{C17B5E4A-6FB8-43DF-A621-C309BF1B7542}.Debug|Any CPU.ActiveCfg = Debug|Any CPU
		{C17B5E4A-6FB8-43DF-A621-C309BF1B7542}.Debug|Any CPU.Build.0 = Debug|Any CPU
		{C17B5E4A-6FB8-43DF-A621-C309BF1B7542}.Release|Any CPU.ActiveCfg = Release|Any CPU
		{C17B5E4A-6FB8-43DF-A621-C309BF1B7542}.Release|Any CPU.Build.0 = Release|Any CPU
	EndGlobalSection
	GlobalSection(SolutionProperties) = preSolution
		HideSolutionNode = FALSE
	EndGlobalSection
	GlobalSection(ExtensibilityGlobals) = postSolution
		SolutionGuid = {8610765A-7881-49D4-8004-821856C084DF}
	EndGlobalSection
EndGlobal
